github.com/c2fo/testify v0.0.0-20150827203832-fba96363964a h1:lXGVReN5qeiyu6AZpIgYJN1PoXSy1koT3nUP3ZRMWm0=
github.com/c2fo/testify v0.0.0-20150827203832-fba96363964a/go.mod h1:NWprYCk3t+OPBp2UnxQ39EF9vPpUzoMr498TiqMA8jU=
github.com/chzyer/readline v0.0.0-20180603132655-2972be24d48e h1:fY5BOSpyZCqRo5OhCuC+XN+r/bBCmeuuJtjz+bCNIf8=
github.com/chzyer/readline v0.0.0-20180603132655-2972be24d48e/go.mod h1:nSuG5e5PlCu98SY8svDHJxuZscDgtXS6KTTbou5AhLI=
